Microsoft Visual Studio Solution File, Format Version 12.00
# Visual Studio Version 17
MinimumVisualStudioVersion = 10.0.40219.1
Project("{2ceebce6-c31e-4289-abb1-b9cd21b65791}") = "JLP.Components", "JLP.Components\JLP.Components.csproj", "{1d5edad5-f10b-4006-939e-ecf996a8c00f}"
EndProject

Global
	GlobalSection(SolutionConfigurationPlatforms) = preSolution
		Debug|Any CPU = Debug|Any CPU
		Release|Any CPU = Release|Any CPU
	EndGlobalSection
	GlobalSection(ProjectConfigurationPlatforms) = postSolution
		{1d5edad5-f10b-4006-939e-ecf996a8c00f}.Debug|Any CPU.ActiveCfg = Debug|Any CPU
		{1d5edad5-f10b-4006-939e-ecf996a8c00f}.Debug|Any CPU.Build.0 = Debug|Any CPU
		{1d5edad5-f10b-4006-939e-ecf996a8c00f}.Release|Any CPU.ActiveCfg = Release|Any CPU
		{1d5edad5-f10b-4006-939e-ecf996a8c00f}.Release|Any CPU.Build.0 = Release|Any CPU
	EndGlobalSection
EndGlobal
